// !$*UTF8*$!
{
	archiveVersion = 1;
	classes = {
	};
	objectVersion = 55;
	objects = {

/* Begin PBXBuildFile section */
		4605F92B2978392D004570C6 /* UITextField+setIcon.swift in Sources */ = {isa = PBXBuildFile; fileRef = 4605F92A2978392D004570C6 /* UITextField+setIcon.swift */; };
		4608495B29756696009B7096 /* AppDelegate.swift in Sources */ = {isa = PBXBuildFile; fileRef = 4608495A29756696009B7096 /* AppDelegate.swift */; };
		4608495D29756696009B7096 /* SceneDelegate.swift in Sources */ = {isa = PBXBuildFile; fileRef = 4608495C29756696009B7096 /* SceneDelegate.swift */; };
		4608495F29756696009B7096 /* HomeViewController.swift in Sources */ = {isa = PBXBuildFile; fileRef = 4608495E29756696009B7096 /* HomeViewController.swift */; };
		4608496429756698009B7096 /* Assets.xcassets in Resources */ = {isa = PBXBuildFile; fileRef = 4608496329756698009B7096 /* Assets.xcassets */; };
		4608496729756698009B7096 /* LaunchScreen.storyboard in Resources */ = {isa = PBXBuildFile; fileRef = 4608496529756698009B7096 /* LaunchScreen.storyboard */; };
		46092BB62976963E002C489D /* Genres.swift in Sources */ = {isa = PBXBuildFile; fileRef = 46092BB52976963E002C489D /* Genres.swift */; };
		46092BB829769861002C489D /* SearchViewController.swift in Sources */ = {isa = PBXBuildFile; fileRef = 46092BB729769861002C489D /* SearchViewController.swift */; };
		46092BBA2976A068002C489D /* MainTabBarController.swift in Sources */ = {isa = PBXBuildFile; fileRef = 46092BB92976A068002C489D /* MainTabBarController.swift */; };
		46092BBC2976A202002C489D /* FavoritesViewController.swift in Sources */ = {isa = PBXBuildFile; fileRef = 46092BBB2976A202002C489D /* FavoritesViewController.swift */; };
		46092BBE2976A47E002C489D /* DetailsViewController.swift in Sources */ = {isa = PBXBuildFile; fileRef = 46092BBD2976A47E002C489D /* DetailsViewController.swift */; };
		46092BC22976AAC5002C489D /* PosterCollectionViewCell.swift in Sources */ = {isa = PBXBuildFile; fileRef = 46092BC12976AAC5002C489D /* PosterCollectionViewCell.swift */; };
		4614B707297AAF0400E7E4EF /* SignUpWebViewController.swift in Sources */ = {isa = PBXBuildFile; fileRef = 4614B706297AAF0400E7E4EF /* SignUpWebViewController.swift */; };
		4615EFDE29786AAD006C5A54 /* LoginUIHelper.swift in Sources */ = {isa = PBXBuildFile; fileRef = 4615EFDD29786AAD006C5A54 /* LoginUIHelper.swift */; };
		4648BBD02977E0D1009BA708 /* SignUpViewController.swift in Sources */ = {isa = PBXBuildFile; fileRef = 4648BBCF2977E0D1009BA708 /* SignUpViewController.swift */; };
		4648BBD529780FDF009BA708 /* LoginViewController.swift in Sources */ = {isa = PBXBuildFile; fileRef = 4648BBD429780FDF009BA708 /* LoginViewController.swift */; };
		4682611E297957670031A90D /* LoginNetworkManager.swift in Sources */ = {isa = PBXBuildFile; fileRef = 4682611D297957670031A90D /* LoginNetworkManager.swift */; };
		468261202979627D0031A90D /* LoginViewModel.swift in Sources */ = {isa = PBXBuildFile; fileRef = 4682611F2979627D0031A90D /* LoginViewModel.swift */; };
		4682612529797A380031A90D /* SessionID.swift in Sources */ = {isa = PBXBuildFile; fileRef = 4682612429797A380031A90D /* SessionID.swift */; };
		4682612729797A450031A90D /* ValidUser.swift in Sources */ = {isa = PBXBuildFile; fileRef = 4682612629797A450031A90D /* ValidUser.swift */; };
		46826129297994EE0031A90D /* SettingsViewController.swift in Sources */ = {isa = PBXBuildFile; fileRef = 46826128297994EE0031A90D /* SettingsViewController.swift */; };
		46A429CA297FEBF800DC8DD3 /* MovieForDetails.swift in Sources */ = {isa = PBXBuildFile; fileRef = 46A429C9297FEBF800DC8DD3 /* MovieForDetails.swift */; };
		46A429CC297FF1C500DC8DD3 /* DetailsNetworkManager.swift in Sources */ = {isa = PBXBuildFile; fileRef = 46A429CB297FF1C500DC8DD3 /* DetailsNetworkManager.swift */; };
		46A429CE297FF22E00DC8DD3 /* DetailsViewModel.swift in Sources */ = {isa = PBXBuildFile; fileRef = 46A429CD297FF22E00DC8DD3 /* DetailsViewModel.swift */; };
		46A429D1297FF69600DC8DD3 /* StandartLabel.swift in Sources */ = {isa = PBXBuildFile; fileRef = 46A429D0297FF69600DC8DD3 /* StandartLabel.swift */; };
		46A429D3297FF6BF00DC8DD3 /* SubtitleLabel.swift in Sources */ = {isa = PBXBuildFile; fileRef = 46A429D2297FF6BF00DC8DD3 /* SubtitleLabel.swift */; };
		46A429D5297FF6D100DC8DD3 /* TitleLabel.swift in Sources */ = {isa = PBXBuildFile; fileRef = 46A429D4297FF6D100DC8DD3 /* TitleLabel.swift */; };
		46A429D7297FF72500DC8DD3 /* StandartStackView.swift in Sources */ = {isa = PBXBuildFile; fileRef = 46A429D6297FF72500DC8DD3 /* StandartStackView.swift */; };
		46A429D9297FF76A00DC8DD3 /* StandartActivityIndicator.swift in Sources */ = {isa = PBXBuildFile; fileRef = 46A429D8297FF76A00DC8DD3 /* StandartActivityIndicator.swift */; };
		46A76192297E911300AF5B39 /* HomeViewModel.swift in Sources */ = {isa = PBXBuildFile; fileRef = 46A76191297E911300AF5B39 /* HomeViewModel.swift */; };
		46A76194297E914500AF5B39 /* HomeNetworkManager.swift in Sources */ = {isa = PBXBuildFile; fileRef = 46A76193297E914500AF5B39 /* HomeNetworkManager.swift */; };
		46A76198297EC29400AF5B39 /* MoviesForCollection.swift in Sources */ = {isa = PBXBuildFile; fileRef = 46A76197297EC29400AF5B39 /* MoviesForCollection.swift */; };
		46A7619C297EDAAF00AF5B39 /* HeaderSupplementaryView.swift in Sources */ = {isa = PBXBuildFile; fileRef = 46A7619B297EDAAF00AF5B39 /* HeaderSupplementaryView.swift */; };
		46C381E42979402D00553768 /* RequestToken.swift in Sources */ = {isa = PBXBuildFile; fileRef = 46C381E32979402D00553768 /* RequestToken.swift */; };
		46C4D7DC297A9CB200DA3997 /* loginAnimation.json in Resources */ = {isa = PBXBuildFile; fileRef = 46C4D7DB297A9CB200DA3997 /* loginAnimation.json */; };
		57A3740A02EAA20E67DBBB0C /* Pods_TheMovieDatabase.framework in Frameworks */ = {isa = PBXBuildFile; fileRef = 7F41EE0F02ABB0EB586B668F /* Pods_TheMovieDatabase.framework */; };
/* End PBXBuildFile section */

/* Begin PBXFileReference section */
		4605F92A2978392D004570C6 /* UITextField+setIcon.swift */ = {isa = PBXFileReference; lastKnownFileType = sourcecode.swift; path = "UITextField+setIcon.swift"; sourceTree = "<group>"; };
		4608495729756696009B7096 /* TheMovieDatabase.app */ = {isa = PBXFileReference; explicitFileType = wrapper.application; includeInIndex = 0; path = TheMovieDatabase.app; sourceTree = BUILT_PRODUCTS_DIR; };
		4608495A29756696009B7096 /* AppDelegate.swift */ = {isa = PBXFileReference; lastKnownFileType = sourcecode.swift; path = AppDelegate.swift; sourceTree = "<group>"; };
		4608495C29756696009B7096 /* SceneDelegate.swift */ = {isa = PBXFileReference; lastKnownFileType = sourcecode.swift; path = SceneDelegate.swift; sourceTree = "<group>"; };
		4608495E29756696009B7096 /* HomeViewController.swift */ = {isa = PBXFileReference; lastKnownFileType = sourcecode.swift; path = HomeViewController.swift; sourceTree = "<group>"; };
		4608496329756698009B7096 /* Assets.xcassets */ = {isa = PBXFileReference; lastKnownFileType = folder.assetcatalog; path = Assets.xcassets; sourceTree = "<group>"; };
		4608496629756698009B7096 /* Base */ = {isa = PBXFileReference; lastKnownFileType = file.storyboard; name = Base; path = Base.lproj/LaunchScreen.storyboard; sourceTree = "<group>"; };
		4608496829756698009B7096 /* Info.plist */ = {isa = PBXFileReference; lastKnownFileType = text.plist.xml; path = Info.plist; sourceTree = "<group>"; };
		46092BB52976963E002C489D /* Genres.swift */ = {isa = PBXFileReference; lastKnownFileType = sourcecode.swift; path = Genres.swift; sourceTree = "<group>"; };
		46092BB729769861002C489D /* SearchViewController.swift */ = {isa = PBXFileReference; lastKnownFileType = sourcecode.swift; path = SearchViewController.swift; sourceTree = "<group>"; };
		46092BB92976A068002C489D /* MainTabBarController.swift */ = {isa = PBXFileReference; lastKnownFileType = sourcecode.swift; path = MainTabBarController.swift; sourceTree = "<group>"; };
		46092BBB2976A202002C489D /* FavoritesViewController.swift */ = {isa = PBXFileReference; lastKnownFileType = sourcecode.swift; path = FavoritesViewController.swift; sourceTree = "<group>"; };
		46092BBD2976A47E002C489D /* DetailsViewController.swift */ = {isa = PBXFileReference; lastKnownFileType = sourcecode.swift; path = DetailsViewController.swift; sourceTree = "<group>"; };
		46092BC12976AAC5002C489D /* PosterCollectionViewCell.swift */ = {isa = PBXFileReference; lastKnownFileType = sourcecode.swift; path = PosterCollectionViewCell.swift; sourceTree = "<group>"; };
		4614B706297AAF0400E7E4EF /* SignUpWebViewController.swift */ = {isa = PBXFileReference; lastKnownFileType = sourcecode.swift; path = SignUpWebViewController.swift; sourceTree = "<group>"; };
		4615EFDD29786AAD006C5A54 /* LoginUIHelper.swift */ = {isa = PBXFileReference; lastKnownFileType = sourcecode.swift; path = LoginUIHelper.swift; sourceTree = "<group>"; };
		4648BBCF2977E0D1009BA708 /* SignUpViewController.swift */ = {isa = PBXFileReference; lastKnownFileType = sourcecode.swift; path = SignUpViewController.swift; sourceTree = "<group>"; };
		4648BBD429780FDF009BA708 /* LoginViewController.swift */ = {isa = PBXFileReference; lastKnownFileType = sourcecode.swift; path = LoginViewController.swift; sourceTree = "<group>"; };
		4682611D297957670031A90D /* LoginNetworkManager.swift */ = {isa = PBXFileReference; lastKnownFileType = sourcecode.swift; path = LoginNetworkManager.swift; sourceTree = "<group>"; };
		4682611F2979627D0031A90D /* LoginViewModel.swift */ = {isa = PBXFileReference; lastKnownFileType = sourcecode.swift; path = LoginViewModel.swift; sourceTree = "<group>"; };
		4682612429797A380031A90D /* SessionID.swift */ = {isa = PBXFileReference; lastKnownFileType = sourcecode.swift; path = SessionID.swift; sourceTree = "<group>"; };
		4682612629797A450031A90D /* ValidUser.swift */ = {isa = PBXFileReference; lastKnownFileType = sourcecode.swift; path = ValidUser.swift; sourceTree = "<group>"; };
		46826128297994EE0031A90D /* SettingsViewController.swift */ = {isa = PBXFileReference; lastKnownFileType = sourcecode.swift; path = SettingsViewController.swift; sourceTree = "<group>"; };
		46A429C9297FEBF800DC8DD3 /* MovieForDetails.swift */ = {isa = PBXFileReference; lastKnownFileType = sourcecode.swift; path = MovieForDetails.swift; sourceTree = "<group>"; };
		46A429CB297FF1C500DC8DD3 /* DetailsNetworkManager.swift */ = {isa = PBXFileReference; lastKnownFileType = sourcecode.swift; path = DetailsNetworkManager.swift; sourceTree = "<group>"; };
		46A429CD297FF22E00DC8DD3 /* DetailsViewModel.swift */ = {isa = PBXFileReference; lastKnownFileType = sourcecode.swift; path = DetailsViewModel.swift; sourceTree = "<group>"; };
		46A429D0297FF69600DC8DD3 /* StandartLabel.swift */ = {isa = PBXFileReference; lastKnownFileType = sourcecode.swift; path = StandartLabel.swift; sourceTree = "<group>"; };
		46A429D2297FF6BF00DC8DD3 /* SubtitleLabel.swift */ = {isa = PBXFileReference; lastKnownFileType = sourcecode.swift; path = SubtitleLabel.swift; sourceTree = "<group>"; };
		46A429D4297FF6D100DC8DD3 /* TitleLabel.swift */ = {isa = PBXFileReference; lastKnownFileType = sourcecode.swift; path = TitleLabel.swift; sourceTree = "<group>"; };
		46A429D6297FF72500DC8DD3 /* StandartStackView.swift */ = {isa = PBXFileReference; lastKnownFileType = sourcecode.swift; path = StandartStackView.swift; sourceTree = "<group>"; };
		46A429D8297FF76A00DC8DD3 /* StandartActivityIndicator.swift */ = {isa = PBXFileReference; lastKnownFileType = sourcecode.swift; path = StandartActivityIndicator.swift; sourceTree = "<group>"; };
		46A76191297E911300AF5B39 /* HomeViewModel.swift */ = {isa = PBXFileReference; lastKnownFileType = sourcecode.swift; path = HomeViewModel.swift; sourceTree = "<group>"; };
		46A76193297E914500AF5B39 /* HomeNetworkManager.swift */ = {isa = PBXFileReference; lastKnownFileType = sourcecode.swift; path = HomeNetworkManager.swift; sourceTree = "<group>"; };
		46A76197297EC29400AF5B39 /* MoviesForCollection.swift */ = {isa = PBXFileReference; lastKnownFileType = sourcecode.swift; path = MoviesForCollection.swift; sourceTree = "<group>"; };
		46A7619B297EDAAF00AF5B39 /* HeaderSupplementaryView.swift */ = {isa = PBXFileReference; lastKnownFileType = sourcecode.swift; path = HeaderSupplementaryView.swift; sourceTree = "<group>"; };
		46C381E32979402D00553768 /* RequestToken.swift */ = {isa = PBXFileReference; lastKnownFileType = sourcecode.swift; path = RequestToken.swift; sourceTree = "<group>"; };
		46C4D7DB297A9CB200DA3997 /* loginAnimation.json */ = {isa = PBXFileReference; fileEncoding = 4; lastKnownFileType = text.json; path = loginAnimation.json; sourceTree = "<group>"; };
		7F41EE0F02ABB0EB586B668F /* Pods_TheMovieDatabase.framework */ = {isa = PBXFileReference; explicitFileType = wrapper.framework; includeInIndex = 0; path = Pods_TheMovieDatabase.framework; sourceTree = BUILT_PRODUCTS_DIR; };
		A15714AB87E7E76211A452D5 /* Pods-TheMovieDatabase.release.xcconfig */ = {isa = PBXFileReference; includeInIndex = 1; lastKnownFileType = text.xcconfig; name = "Pods-TheMovieDatabase.release.xcconfig"; path = "Target Support Files/Pods-TheMovieDatabase/Pods-TheMovieDatabase.release.xcconfig"; sourceTree = "<group>"; };
		A8F940E5A892D3C80A09006E /* Pods-TheMovieDatabase.debug.xcconfig */ = {isa = PBXFileReference; includeInIndex = 1; lastKnownFileType = text.xcconfig; name = "Pods-TheMovieDatabase.debug.xcconfig"; path = "Target Support Files/Pods-TheMovieDatabase/Pods-TheMovieDatabase.debug.xcconfig"; sourceTree = "<group>"; };
/* End PBXFileReference section */

/* Begin PBXFrameworksBuildPhase section */
		4608495429756696009B7096 /* Frameworks */ = {
			isa = PBXFrameworksBuildPhase;
			buildActionMask = 2147483647;
			files = (
				57A3740A02EAA20E67DBBB0C /* Pods_TheMovieDatabase.framework in Frameworks */,
			);
			runOnlyForDeploymentPostprocessing = 0;
		};
/* End PBXFrameworksBuildPhase section */

/* Begin PBXGroup section */
		4605F929297838F9004570C6 /* Core */ = {
			isa = PBXGroup;
			children = (
				4605F92C29783C03004570C6 /* Extensions */,
			);
			path = Core;
			sourceTree = "<group>";
		};
		4605F92C29783C03004570C6 /* Extensions */ = {
			isa = PBXGroup;
			children = (
				4605F92A2978392D004570C6 /* UITextField+setIcon.swift */,
			);
			path = Extensions;
			sourceTree = "<group>";
		};
		4605F92D29783C28004570C6 /* Main */ = {
			isa = PBXGroup;
			children = (
				46092BB92976A068002C489D /* MainTabBarController.swift */,
				46092BBD2976A47E002C489D /* DetailsViewController.swift */,
				4608495E29756696009B7096 /* HomeViewController.swift */,
				46092BB729769861002C489D /* SearchViewController.swift */,
				46092BBB2976A202002C489D /* FavoritesViewController.swift */,
				46826128297994EE0031A90D /* SettingsViewController.swift */,
			);
			path = Main;
			sourceTree = "<group>";
		};
		4608494E29756696009B7096 = {
			isa = PBXGroup;
			children = (
				4608495929756696009B7096 /* TheMovieDatabase */,
				4608495829756696009B7096 /* Products */,
				7738AD592E35B53686905B92 /* Pods */,
				A8FACD88F80A9036B75D7E26 /* Frameworks */,
			);
			sourceTree = "<group>";
		};
		4608495829756696009B7096 /* Products */ = {
			isa = PBXGroup;
			children = (
				4608495729756696009B7096 /* TheMovieDatabase.app */,
			);
			name = Products;
			sourceTree = "<group>";
		};
		4608495929756696009B7096 /* TheMovieDatabase */ = {
			isa = PBXGroup;
			children = (
				46A2680429756878000208C2 /* Resources */,
				4605F929297838F9004570C6 /* Core */,
				46A2680329756868000208C2 /* Application */,
				46A26805297568F0000208C2 /* Models */,
				46A26806297568FB000208C2 /* Views */,
				46092BB4297693B1002C489D /* ViewModels */,
				4682612B297996470031A90D /* Services */,
			);
			path = TheMovieDatabase;
			sourceTree = "<group>";
		};
		46092BB4297693B1002C489D /* ViewModels */ = {
			isa = PBXGroup;
			children = (
				4682611F2979627D0031A90D /* LoginViewModel.swift */,
				46A76191297E911300AF5B39 /* HomeViewModel.swift */,
				46A429CD297FF22E00DC8DD3 /* DetailsViewModel.swift */,
			);
			path = ViewModels;
			sourceTree = "<group>";
		};
		46092BBF2976A861002C489D /* Controllers */ = {
			isa = PBXGroup;
			children = (
				46A7619B297EDAAF00AF5B39 /* HeaderSupplementaryView.swift */,
				4648BBD329780FC8009BA708 /* Login */,
				4605F92D29783C28004570C6 /* Main */,
			);
			path = Controllers;
			sourceTree = "<group>";
		};
		46092BC02976AAA9002C489D /* Cells */ = {
			isa = PBXGroup;
			children = (
				46092BC12976AAC5002C489D /* PosterCollectionViewCell.swift */,
			);
			path = Cells;
			sourceTree = "<group>";
		};
		4648BBD329780FC8009BA708 /* Login */ = {
			isa = PBXGroup;
			children = (
				4648BBCF2977E0D1009BA708 /* SignUpViewController.swift */,
				4614B706297AAF0400E7E4EF /* SignUpWebViewController.swift */,
				4648BBD429780FDF009BA708 /* LoginViewController.swift */,
			);
			path = Login;
			sourceTree = "<group>";
		};
		4682612329797A000031A90D /* Authorization */ = {
			isa = PBXGroup;
			children = (
				46C381E32979402D00553768 /* RequestToken.swift */,
				4682612429797A380031A90D /* SessionID.swift */,
				4682612629797A450031A90D /* ValidUser.swift */,
			);
			path = Authorization;
			sourceTree = "<group>";
		};
		4682612A297996300031A90D /* Network */ = {
			isa = PBXGroup;
			children = (
				4682611D297957670031A90D /* LoginNetworkManager.swift */,
				46A76193297E914500AF5B39 /* HomeNetworkManager.swift */,
				46A429CB297FF1C500DC8DD3 /* DetailsNetworkManager.swift */,
			);
			path = Network;
			sourceTree = "<group>";
		};
		4682612B297996470031A90D /* Services */ = {
			isa = PBXGroup;
			children = (
				4682612C2979978D0031A90D /* UIHelpers */,
				4682612A297996300031A90D /* Network */,
			);
			path = Services;
			sourceTree = "<group>";
		};
		4682612C2979978D0031A90D /* UIHelpers */ = {
			isa = PBXGroup;
			children = (
				4615EFDD29786AAD006C5A54 /* LoginUIHelper.swift */,
			);
			path = UIHelpers;
			sourceTree = "<group>";
		};
		46A2680329756868000208C2 /* Application */ = {
			isa = PBXGroup;
			children = (
				4608495A29756696009B7096 /* AppDelegate.swift */,
				4608495C29756696009B7096 /* SceneDelegate.swift */,
			);
			path = Application;
			sourceTree = "<group>";
		};
		46A2680429756878000208C2 /* Resources */ = {
			isa = PBXGroup;
			children = (
				46C4D7DA297A9C2000DA3997 /* LottieAnimations */,
				4608496329756698009B7096 /* Assets.xcassets */,
				4608496529756698009B7096 /* LaunchScreen.storyboard */,
				4608496829756698009B7096 /* Info.plist */,
			);
			path = Resources;
			sourceTree = "<group>";
		};
		46A26805297568F0000208C2 /* Models */ = {
			isa = PBXGroup;
			children = (
				4682612329797A000031A90D /* Authorization */,
				46092BB52976963E002C489D /* Genres.swift */,
				46A76197297EC29400AF5B39 /* MoviesForCollection.swift */,
				46A429C9297FEBF800DC8DD3 /* MovieForDetails.swift */,
			);
			path = Models;
			sourceTree = "<group>";
		};
		46A26806297568FB000208C2 /* Views */ = {
			isa = PBXGroup;
			children = (
				46A429D6297FF72500DC8DD3 /* StandartStackView.swift */,
				46A429D8297FF76A00DC8DD3 /* StandartActivityIndicator.swift */,
				46A429CF297FF67300DC8DD3 /* Labels */,
				46092BC02976AAA9002C489D /* Cells */,
				46092BBF2976A861002C489D /* Controllers */,
			);
			path = Views;
			sourceTree = "<group>";
		};
		46A429CF297FF67300DC8DD3 /* Labels */ = {
			isa = PBXGroup;
			children = (
				46A429D0297FF69600DC8DD3 /* StandartLabel.swift */,
				46A429D2297FF6BF00DC8DD3 /* SubtitleLabel.swift */,
				46A429D4297FF6D100DC8DD3 /* TitleLabel.swift */,
			);
			path = Labels;
			sourceTree = "<group>";
		};
		46C4D7DA297A9C2000DA3997 /* LottieAnimations */ = {
			isa = PBXGroup;
			children = (
				46C4D7DB297A9CB200DA3997 /* loginAnimation.json */,
			);
			path = LottieAnimations;
			sourceTree = "<group>";
		};
		7738AD592E35B53686905B92 /* Pods */ = {
			isa = PBXGroup;
			children = (
				A8F940E5A892D3C80A09006E /* Pods-TheMovieDatabase.debug.xcconfig */,
				A15714AB87E7E76211A452D5 /* Pods-TheMovieDatabase.release.xcconfig */,
			);
			path = Pods;
			sourceTree = "<group>";
		};
		A8FACD88F80A9036B75D7E26 /* Frameworks */ = {
			isa = PBXGroup;
			children = (
				7F41EE0F02ABB0EB586B668F /* Pods_TheMovieDatabase.framework */,
			);
			name = Frameworks;
			sourceTree = "<group>";
		};
/* End PBXGroup section */

/* Begin PBXNativeTarget section */
		4608495629756696009B7096 /* TheMovieDatabase */ = {
			isa = PBXNativeTarget;
			buildConfigurationList = 4608496B29756698009B7096 /* Build configuration list for PBXNativeTarget "TheMovieDatabase" */;
			buildPhases = (
				26DC18D62E0F6EE2B14F6C87 /* [CP] Check Pods Manifest.lock */,
				4608495329756696009B7096 /* Sources */,
				4608495429756696009B7096 /* Frameworks */,
				4608495529756696009B7096 /* Resources */,
				5EA15403E0984027F251C95B /* [CP] Embed Pods Frameworks */,
			);
			buildRules = (
			);
			dependencies = (
			);
			name = TheMovieDatabase;
			productName = TheMovieDatabase;
			productReference = 4608495729756696009B7096 /* TheMovieDatabase.app */;
			productType = "com.apple.product-type.application";
		};
/* End PBXNativeTarget section */

/* Begin PBXProject section */
		4608494F29756696009B7096 /* Project object */ = {
			isa = PBXProject;
			attributes = {
				BuildIndependentTargetsInParallel = 1;
				LastSwiftUpdateCheck = 1410;
				LastUpgradeCheck = 1410;
				TargetAttributes = {
					4608495629756696009B7096 = {
						CreatedOnToolsVersion = 14.1;
					};
				};
			};
			buildConfigurationList = 4608495229756696009B7096 /* Build configuration list for PBXProject "TheMovieDatabase" */;
			compatibilityVersion = "Xcode 13.0";
			developmentRegion = en;
			hasScannedForEncodings = 0;
			knownRegions = (
				en,
				Base,
			);
			mainGroup = 4608494E29756696009B7096;
			productRefGroup = 4608495829756696009B7096 /* Products */;
			projectDirPath = "";
			projectRoot = "";
			targets = (
				4608495629756696009B7096 /* TheMovieDatabase */,
			);
		};
/* End PBXProject section */

/* Begin PBXResourcesBuildPhase section */
		4608495529756696009B7096 /* Resources */ = {
			isa = PBXResourcesBuildPhase;
			buildActionMask = 2147483647;
			files = (
				4608496729756698009B7096 /* LaunchScreen.storyboard in Resources */,
				4608496429756698009B7096 /* Assets.xcassets in Resources */,
				46C4D7DC297A9CB200DA3997 /* loginAnimation.json in Resources */,
			);
			runOnlyForDeploymentPostprocessing = 0;
		};
/* End PBXResourcesBuildPhase section */

/* Begin PBXShellScriptBuildPhase section */
		26DC18D62E0F6EE2B14F6C87 /* [CP] Check Pods Manifest.lock */ = {
			isa = PBXShellScriptBuildPhase;
			buildActionMask = 2147483647;
			files = (
			);
			inputFileListPaths = (
			);
			inputPaths = (
				"${PODS_PODFILE_DIR_PATH}/Podfile.lock",
				"${PODS_ROOT}/Manifest.lock",
			);
			name = "[CP] Check Pods Manifest.lock";
			outputFileListPaths = (
			);
			outputPaths = (
				"$(DERIVED_FILE_DIR)/Pods-TheMovieDatabase-checkManifestLockResult.txt",
			);
			runOnlyForDeploymentPostprocessing = 0;
			shellPath = /bin/sh;
			shellScript = "diff \"${PODS_PODFILE_DIR_PATH}/Podfile.lock\" \"${PODS_ROOT}/Manifest.lock\" > /dev/null\nif [ $? != 0 ] ; then\n    # print error to STDERR\n    echo \"error: The sandbox is not in sync with the Podfile.lock. Run 'pod install' or update your CocoaPods installation.\" >&2\n    exit 1\nfi\n# This output is used by Xcode 'outputs' to avoid re-running this script phase.\necho \"SUCCESS\" > \"${SCRIPT_OUTPUT_FILE_0}\"\n";
			showEnvVarsInLog = 0;
		};
		5EA15403E0984027F251C95B /* [CP] Embed Pods Frameworks */ = {
			isa = PBXShellScriptBuildPhase;
			buildActionMask = 2147483647;
			files = (
			);
			inputFileListPaths = (
				"${PODS_ROOT}/Target Support Files/Pods-TheMovieDatabase/Pods-TheMovieDatabase-frameworks-${CONFIGURATION}-input-files.xcfilelist",
			);
			name = "[CP] Embed Pods Frameworks";
			outputFileListPaths = (
				"${PODS_ROOT}/Target Support Files/Pods-TheMovieDatabase/Pods-TheMovieDatabase-frameworks-${CONFIGURATION}-output-files.xcfilelist",
			);
			runOnlyForDeploymentPostprocessing = 0;
			shellPath = /bin/sh;
			shellScript = "\"${PODS_ROOT}/Target Support Files/Pods-TheMovieDatabase/Pods-TheMovieDatabase-frameworks.sh\"\n";
			showEnvVarsInLog = 0;
		};
/* End PBXShellScriptBuildPhase section */

/* Begin PBXSourcesBuildPhase section */
		4608495329756696009B7096 /* Sources */ = {
			isa = PBXSourcesBuildPhase;
			buildActionMask = 2147483647;
			files = (
				4682612529797A380031A90D /* SessionID.swift in Sources */,
				46C381E42979402D00553768 /* RequestToken.swift in Sources */,
				4648BBD529780FDF009BA708 /* LoginViewController.swift in Sources */,
				46A429D5297FF6D100DC8DD3 /* TitleLabel.swift in Sources */,
				4648BBD02977E0D1009BA708 /* SignUpViewController.swift in Sources */,
				46A429D9297FF76A00DC8DD3 /* StandartActivityIndicator.swift in Sources */,
				4608495F29756696009B7096 /* HomeViewController.swift in Sources */,
				46A7619C297EDAAF00AF5B39 /* HeaderSupplementaryView.swift in Sources */,
				46826129297994EE0031A90D /* SettingsViewController.swift in Sources */,
				46A429CC297FF1C500DC8DD3 /* DetailsNetworkManager.swift in Sources */,
				468261202979627D0031A90D /* LoginViewModel.swift in Sources */,
				46A429D7297FF72500DC8DD3 /* StandartStackView.swift in Sources */,
				46092BB829769861002C489D /* SearchViewController.swift in Sources */,
				46A429CA297FEBF800DC8DD3 /* MovieForDetails.swift in Sources */,
				46A429D1297FF69600DC8DD3 /* StandartLabel.swift in Sources */,
				4615EFDE29786AAD006C5A54 /* LoginUIHelper.swift in Sources */,
				46092BBC2976A202002C489D /* FavoritesViewController.swift in Sources */,
				46A76198297EC29400AF5B39 /* MoviesForCollection.swift in Sources */,
				4682612729797A450031A90D /* ValidUser.swift in Sources */,
				46092BC22976AAC5002C489D /* PosterCollectionViewCell.swift in Sources */,
				4605F92B2978392D004570C6 /* UITextField+setIcon.swift in Sources */,
				46092BBE2976A47E002C489D /* DetailsViewController.swift in Sources */,
				46092BBA2976A068002C489D /* MainTabBarController.swift in Sources */,
				4608495B29756696009B7096 /* AppDelegate.swift in Sources */,
				46A76192297E911300AF5B39 /* HomeViewModel.swift in Sources */,
				4682611E297957670031A90D /* LoginNetworkManager.swift in Sources */,
				4608495D29756696009B7096 /* SceneDelegate.swift in Sources */,
				46A76194297E914500AF5B39 /* HomeNetworkManager.swift in Sources */,
				46A429D3297FF6BF00DC8DD3 /* SubtitleLabel.swift in Sources */,
				46092BB62976963E002C489D /* Genres.swift in Sources */,
				4614B707297AAF0400E7E4EF /* SignUpWebViewController.swift in Sources */,
				46A429CE297FF22E00DC8DD3 /* DetailsViewModel.swift in Sources */,
			);
			runOnlyForDeploymentPostprocessing = 0;
		};
/* End PBXSourcesBuildPhase section */

/* Begin PBXVariantGroup section */
		4608496529756698009B7096 /* LaunchScreen.storyboard */ = {
			isa = PBXVariantGroup;
			children = (
				4608496629756698009B7096 /* Base */,
			);
			name = LaunchScreen.storyboard;
			sourceTree = "<group>";
		};
/* End PBXVariantGroup section */

/* Begin XCBuildConfiguration section */
		4608496929756698009B7096 /* Debug */ = {
			isa = XCBuildConfiguration;
			buildSettings = {
				ALWAYS_SEARCH_USER_PATHS = NO;
				CLANG_ANALYZER_NONNULL = YES;
				CLANG_ANALYZER_NUMBER_OBJECT_CONVERSION = YES_AGGRESSIVE;
				CLANG_CXX_LANGUAGE_STANDARD = "gnu++20";
				CLANG_ENABLE_MODULES = YES;
				CLANG_ENABLE_OBJC_ARC = YES;
				CLANG_ENABLE_OBJC_WEAK = YES;
				CLANG_WARN_BLOCK_CAPTURE_AUTORELEASING = YES;
				CLANG_WARN_BOOL_CONVERSION = YES;
				CLANG_WARN_COMMA = YES;
				CLANG_WARN_CONSTANT_CONVERSION = YES;
				CLANG_WARN_DEPRECATED_OBJC_IMPLEMENTATIONS = YES;
				CLANG_WARN_DIRECT_OBJC_ISA_USAGE = YES_ERROR;
				CLANG_WARN_DOCUMENTATION_COMMENTS = YES;
				CLANG_WARN_EMPTY_BODY = YES;
				CLANG_WARN_ENUM_CONVERSION = YES;
				CLANG_WARN_INFINITE_RECURSION = YES;
				CLANG_WARN_INT_CONVERSION = YES;
				CLANG_WARN_NON_LITERAL_NULL_CONVERSION = YES;
				CLANG_WARN_OBJC_IMPLICIT_RETAIN_SELF = YES;
				CLANG_WARN_OBJC_LITERAL_CONVERSION = YES;
				CLANG_WARN_OBJC_ROOT_CLASS = YES_ERROR;
				CLANG_WARN_QUOTED_INCLUDE_IN_FRAMEWORK_HEADER = YES;
				CLANG_WARN_RANGE_LOOP_ANALYSIS = YES;
				CLANG_WARN_STRICT_PROTOTYPES = YES;
				CLANG_WARN_SUSPICIOUS_MOVE = YES;
				CLANG_WARN_UNGUARDED_AVAILABILITY = YES_AGGRESSIVE;
				CLANG_WARN_UNREACHABLE_CODE = YES;
				CLANG_WARN__DUPLICATE_METHOD_MATCH = YES;
				COPY_PHASE_STRIP = NO;
				DEBUG_INFORMATION_FORMAT = dwarf;
				ENABLE_STRICT_OBJC_MSGSEND = YES;
				ENABLE_TESTABILITY = YES;
				GCC_C_LANGUAGE_STANDARD = gnu11;
				GCC_DYNAMIC_NO_PIC = NO;
				GCC_NO_COMMON_BLOCKS = YES;
				GCC_OPTIMIZATION_LEVEL = 0;
				GCC_PREPROCESSOR_DEFINITIONS = (
					"DEBUG=1",
					"$(inherited)",
				);
				GCC_WARN_64_TO_32_BIT_CONVERSION = YES;
				GCC_WARN_ABOUT_RETURN_TYPE = YES_ERROR;
				GCC_WARN_UNDECLARED_SELECTOR = YES;
				GCC_WARN_UNINITIALIZED_AUTOS = YES_AGGRESSIVE;
				GCC_WARN_UNUSED_FUNCTION = YES;
				GCC_WARN_UNUSED_VARIABLE = YES;
				IPHONEOS_DEPLOYMENT_TARGET = 16.1;
				MTL_ENABLE_DEBUG_INFO = INCLUDE_SOURCE;
				MTL_FAST_MATH = YES;
				ONLY_ACTIVE_ARCH = YES;
				SDKROOT = iphoneos;
				SWIFT_ACTIVE_COMPILATION_CONDITIONS = DEBUG;
				SWIFT_OPTIMIZATION_LEVEL = "-Onone";
			};
			name = Debug;
		};
		4608496A29756698009B7096 /* Release */ = {
			isa = XCBuildConfiguration;
			buildSettings = {
				ALWAYS_SEARCH_USER_PATHS = NO;
				CLANG_ANALYZER_NONNULL = YES;
				CLANG_ANALYZER_NUMBER_OBJECT_CONVERSION = YES_AGGRESSIVE;
				CLANG_CXX_LANGUAGE_STANDARD = "gnu++20";
				CLANG_ENABLE_MODULES = YES;
				CLANG_ENABLE_OBJC_ARC = YES;
				CLANG_ENABLE_OBJC_WEAK = YES;
				CLANG_WARN_BLOCK_CAPTURE_AUTORELEASING = YES;
				CLANG_WARN_BOOL_CONVERSION = YES;
				CLANG_WARN_COMMA = YES;
				CLANG_WARN_CONSTANT_CONVERSION = YES;
				CLANG_WARN_DEPRECATED_OBJC_IMPLEMENTATIONS = YES;
				CLANG_WARN_DIRECT_OBJC_ISA_USAGE = YES_ERROR;
				CLANG_WARN_DOCUMENTATION_COMMENTS = YES;
				CLANG_WARN_EMPTY_BODY = YES;
				CLANG_WARN_ENUM_CONVERSION = YES;
				CLANG_WARN_INFINITE_RECURSION = YES;
				CLANG_WARN_INT_CONVERSION = YES;
				CLANG_WARN_NON_LITERAL_NULL_CONVERSION = YES;
				CLANG_WARN_OBJC_IMPLICIT_RETAIN_SELF = YES;
				CLANG_WARN_OBJC_LITERAL_CONVERSION = YES;
				CLANG_WARN_OBJC_ROOT_CLASS = YES_ERROR;
				CLANG_WARN_QUOTED_INCLUDE_IN_FRAMEWORK_HEADER = YES;
				CLANG_WARN_RANGE_LOOP_ANALYSIS = YES;
				CLANG_WARN_STRICT_PROTOTYPES = YES;
				CLANG_WARN_SUSPICIOUS_MOVE = YES;
				CLANG_WARN_UNGUARDED_AVAILABILITY = YES_AGGRESSIVE;
				CLANG_WARN_UNREACHABLE_CODE = YES;
				CLANG_WARN__DUPLICATE_METHOD_MATCH = YES;
				COPY_PHASE_STRIP = NO;
				DEBUG_INFORMATION_FORMAT = "dwarf-with-dsym";
				ENABLE_NS_ASSERTIONS = NO;
				ENABLE_STRICT_OBJC_MSGSEND = YES;
				GCC_C_LANGUAGE_STANDARD = gnu11;
				GCC_NO_COMMON_BLOCKS = YES;
				GCC_WARN_64_TO_32_BIT_CONVERSION = YES;
				GCC_WARN_ABOUT_RETURN_TYPE = YES_ERROR;
				GCC_WARN_UNDECLARED_SELECTOR = YES;
				GCC_WARN_UNINITIALIZED_AUTOS = YES_AGGRESSIVE;
				GCC_WARN_UNUSED_FUNCTION = YES;
				GCC_WARN_UNUSED_VARIABLE = YES;
				IPHONEOS_DEPLOYMENT_TARGET = 16.1;
				MTL_ENABLE_DEBUG_INFO = NO;
				MTL_FAST_MATH = YES;
				SDKROOT = iphoneos;
				SWIFT_COMPILATION_MODE = wholemodule;
				SWIFT_OPTIMIZATION_LEVEL = "-O";
				VALIDATE_PRODUCT = YES;
			};
			name = Release;
		};
		4608496C29756698009B7096 /* Debug */ = {
			isa = XCBuildConfiguration;
			baseConfigurationReference = A8F940E5A892D3C80A09006E /* Pods-TheMovieDatabase.debug.xcconfig */;
			buildSettings = {
				ASSETCATALOG_COMPILER_APPICON_NAME = AppIcon;
				ASSETCATALOG_COMPILER_GLOBAL_ACCENT_COLOR_NAME = AccentColor;
				CODE_SIGN_STYLE = Automatic;
				CURRENT_PROJECT_VERSION = 1;
				DEVELOPMENT_TEAM = 2L2N455LK4;
				GENERATE_INFOPLIST_FILE = YES;
				INFOPLIST_FILE = TheMovieDatabase/Resources/Info.plist;
				INFOPLIST_KEY_CFBundleDisplayName = "The Movie Database";
				INFOPLIST_KEY_LSApplicationCategoryType = "public.app-category.video";
				INFOPLIST_KEY_UIApplicationSupportsIndirectInputEvents = YES;
				INFOPLIST_KEY_UILaunchStoryboardName = LaunchScreen;
				INFOPLIST_KEY_UISupportedInterfaceOrientations = UIInterfaceOrientationPortrait;
				INFOPLIST_KEY_UISupportedInterfaceOrientations_iPad = "UIInterfaceOrientationLandscapeLeft UIInterfaceOrientationLandscapeRight UIInterfaceOrientationPortrait UIInterfaceOrientationPortraitUpsideDown";
				LD_RUNPATH_SEARCH_PATHS = (
					"$(inherited)",
					"@executable_path/Frameworks",
				);
				MARKETING_VERSION = 1.0;
				PRODUCT_BUNDLE_IDENTIFIER = com.MyPersonalTeam.TheMovieDatabase;
				PRODUCT_NAME = "$(TARGET_NAME)";
				SUPPORTED_PLATFORMS = "iphoneos iphonesimulator";
				SUPPORTS_MACCATALYST = NO;
				SUPPORTS_MAC_DESIGNED_FOR_IPHONE_IPAD = NO;
				SWIFT_EMIT_LOC_STRINGS = YES;
				SWIFT_VERSION = 5.0;
				TARGETED_DEVICE_FAMILY = 1;
			};
			name = Debug;
		};
		4608496D29756698009B7096 /* Release */ = {
			isa = XCBuildConfiguration;
			baseConfigurationReference = A15714AB87E7E76211A452D5 /* Pods-TheMovieDatabase.release.xcconfig */;
			buildSettings = {
				ASSETCATALOG_COMPILER_APPICON_NAME = AppIcon;
				ASSETCATALOG_COMPILER_GLOBAL_ACCENT_COLOR_NAME = AccentColor;
				CODE_SIGN_STYLE = Automatic;
				CURRENT_PROJECT_VERSION = 1;
				DEVELOPMENT_TEAM = 2L2N455LK4;
				GENERATE_INFOPLIST_FILE = YES;
				INFOPLIST_FILE = TheMovieDatabase/Resources/Info.plist;
				INFOPLIST_KEY_CFBundleDisplayName = "The Movie Database";
				INFOPLIST_KEY_LSApplicationCategoryType = "public.app-category.video";
				INFOPLIST_KEY_UIApplicationSupportsIndirectInputEvents = YES;
				INFOPLIST_KEY_UILaunchStoryboardName = LaunchScreen;
				INFOPLIST_KEY_UISupportedInterfaceOrientations = UIInterfaceOrientationPortrait;
				INFOPLIST_KEY_UISupportedInterfaceOrientations_iPad = "UIInterfaceOrientationLandscapeLeft UIInterfaceOrientationLandscapeRight UIInterfaceOrientationPortrait UIInterfaceOrientationPortraitUpsideDown";
				LD_RUNPATH_SEARCH_PATHS = (
					"$(inherited)",
					"@executable_path/Frameworks",
				);
				MARKETING_VERSION = 1.0;
				PRODUCT_BUNDLE_IDENTIFIER = com.MyPersonalTeam.TheMovieDatabase;
				PRODUCT_NAME = "$(TARGET_NAME)";
				SUPPORTED_PLATFORMS = "iphoneos iphonesimulator";
				SUPPORTS_MACCATALYST = NO;
				SUPPORTS_MAC_DESIGNED_FOR_IPHONE_IPAD = NO;
				SWIFT_EMIT_LOC_STRINGS = YES;
				SWIFT_VERSION = 5.0;
				TARGETED_DEVICE_FAMILY = 1;
			};
			name = Release;
		};
/* End XCBuildConfiguration section */

/* Begin XCConfigurationList section */
		4608495229756696009B7096 /* Build configuration list for PBXProject "TheMovieDatabase" */ = {
			isa = XCConfigurationList;
			buildConfigurations = (
				4608496929756698009B7096 /* Debug */,
				4608496A29756698009B7096 /* Release */,
			);
			defaultConfigurationIsVisible = 0;
			defaultConfigurationName = Release;
		};
		4608496B29756698009B7096 /* Build configuration list for PBXNativeTarget "TheMovieDatabase" */ = {
			isa = XCConfigurationList;
			buildConfigurations = (
				4608496C29756698009B7096 /* Debug */,
				4608496D29756698009B7096 /* Release */,
			);
			defaultConfigurationIsVisible = 0;
			defaultConfigurationName = Release;
		};
/* End XCConfigurationList section */
	};
	rootObject = 4608494F29756696009B7096 /* Project object */;
}
